// !$*UTF8*$!
{
	archiveVersion = 1;
	classes = {
	};
	objectVersion = 56;
	objects = {

/* Begin PBXBuildFile section */
		4172F9532BBB189500078515 /* AppDelegate.swift in Sources */ = {isa = PBXBuildFile; fileRef = 4172F9522BBB189500078515 /* AppDelegate.swift */; };
		4172F9552BBB189500078515 /* SceneDelegate.swift in Sources */ = {isa = PBXBuildFile; fileRef = 4172F9542BBB189500078515 /* SceneDelegate.swift */; };
		4172F9572BBB189500078515 /* ViewController.swift in Sources */ = {isa = PBXBuildFile; fileRef = 4172F9562BBB189500078515 /* ViewController.swift */; };
		4172F95A2BBB189500078515 /* Base in Resources */ = {isa = PBXBuildFile; fileRef = 4172F9592BBB189500078515 /* Base */; };
		4172F95C2BBB189800078515 /* Assets.xcassets in Resources */ = {isa = PBXBuildFile; fileRef = 4172F95B2BBB189800078515 /* Assets.xcassets */; };
		4172F95F2BBB189800078515 /* Base in Resources */ = {isa = PBXBuildFile; fileRef = 4172F95E2BBB189800078515 /* Base */; };
		4172F96A2BBB189800078515 /* TooboTests.swift in Sources */ = {isa = PBXBuildFile; fileRef = 4172F9692BBB189800078515 /* TooboTests.swift */; };
		4172F9742BBB189800078515 /* TooboUITests.swift in Sources */ = {isa = PBXBuildFile; fileRef = 4172F9732BBB189800078515 /* TooboUITests.swift */; };
		4172F9762BBB189800078515 /* TooboUITestsLaunchTests.swift in Sources */ = {isa = PBXBuildFile; fileRef = 4172F9752BBB189800078515 /* TooboUITestsLaunchTests.swift */; };
		4172F9862BBB18F400078515 /* AuthPage.swift in Sources */ = {isa = PBXBuildFile; fileRef = 4172F9852BBB18F400078515 /* AuthPage.swift */; };
		4172F9892BBB191F00078515 /* GitAuthFunctions.swift in Sources */ = {isa = PBXBuildFile; fileRef = 4172F9882BBB191F00078515 /* GitAuthFunctions.swift */; };
		4172F98B2BBB192F00078515 /* GoogleAuthFunctions.swift in Sources */ = {isa = PBXBuildFile; fileRef = 4172F98A2BBB192F00078515 /* GoogleAuthFunctions.swift */; };
		4172F98D2BBB193E00078515 /* RegisterFunctions.swift in Sources */ = {isa = PBXBuildFile; fileRef = 4172F98C2BBB193E00078515 /* RegisterFunctions.swift */; };
		4172F98F2BBB194900078515 /* LoginFunctions.swift in Sources */ = {isa = PBXBuildFile; fileRef = 4172F98E2BBB194900078515 /* LoginFunctions.swift */; };
/* End PBXBuildFile section */

/* Begin PBXContainerItemProxy section */
		4172F9662BBB189800078515 /* PBXContainerItemProxy */ = {
			isa = PBXContainerItemProxy;
			containerPortal = 4172F9472BBB189500078515 /* Project object */;
			proxyType = 1;
			remoteGlobalIDString = 4172F94E2BBB189500078515;
			remoteInfo = Toobo;
		};
		4172F9702BBB189800078515 /* PBXContainerItemProxy */ = {
			isa = PBXContainerItemProxy;
			containerPortal = 4172F9472BBB189500078515 /* Project object */;
			proxyType = 1;
			remoteGlobalIDString = 4172F94E2BBB189500078515;
			remoteInfo = Toobo;
		};
/* End PBXContainerItemProxy section */

/* Begin PBXFileReference section */
		4172F94F2BBB189500078515 /* Toobo.app */ = {isa = PBXFileReference; explicitFileType = wrapper.application; includeInIndex = 0; path = Toobo.app; sourceTree = BUILT_PRODUCTS_DIR; };
		4172F9522BBB189500078515 /* AppDelegate.swift */ = {isa = PBXFileReference; lastKnownFileType = sourcecode.swift; path = AppDelegate.swift; sourceTree = "<group>"; };
		4172F9542BBB189500078515 /* SceneDelegate.swift */ = {isa = PBXFileReference; lastKnownFileType = sourcecode.swift; path = SceneDelegate.swift; sourceTree = "<group>"; };
		4172F9562BBB189500078515 /* ViewController.swift */ = {isa = PBXFileReference; lastKnownFileType = sourcecode.swift; path = ViewController.swift; sourceTree = "<group>"; };
		4172F9592BBB189500078515 /* Base */ = {isa = PBXFileReference; lastKnownFileType = file.storyboard; name = Base; path = Base.lproj/Main.storyboard; sourceTree = "<group>"; };
		4172F95B2BBB189800078515 /* Assets.xcassets */ = {isa = PBXFileReference; lastKnownFileType = folder.assetcatalog; path = Assets.xcassets; sourceTree = "<group>"; };
		4172F95E2BBB189800078515 /* Base */ = {isa = PBXFileReference; lastKnownFileType = file.storyboard; name = Base; path = Base.lproj/LaunchScreen.storyboard; sourceTree = "<group>"; };
		4172F9602BBB189800078515 /* Info.plist */ = {isa = PBXFileReference; lastKnownFileType = text.plist.xml; path = Info.plist; sourceTree = "<group>"; };
		4172F9652BBB189800078515 /* TooboTests.xctest */ = {isa = PBXFileReference; explicitFileType = wrapper.cfbundle; includeInIndex = 0; path = TooboTests.xctest; sourceTree = BUILT_PRODUCTS_DIR; };
		4172F9692BBB189800078515 /* TooboTests.swift */ = {isa = PBXFileReference; lastKnownFileType = sourcecode.swift; path = TooboTests.swift; sourceTree = "<group>"; };
		4172F96F2BBB189800078515 /* TooboUITests.xctest */ = {isa = PBXFileReference; explicitFileType = wrapper.cfbundle; includeInIndex = 0; path = TooboUITests.xctest; sourceTree = BUILT_PRODUCTS_DIR; };
		4172F9732BBB189800078515 /* TooboUITests.swift */ = {isa = PBXFileReference; lastKnownFileType = sourcecode.swift; path = TooboUITests.swift; sourceTree = "<group>"; };
		4172F9752BBB189800078515 /* TooboUITestsLaunchTests.swift */ = {isa = PBXFileReference; lastKnownFileType = sourcecode.swift; path = TooboUITestsLaunchTests.swift; sourceTree = "<group>"; };
		4172F9852BBB18F400078515 /* AuthPage.swift */ = {isa = PBXFileReference; lastKnownFileType = sourcecode.swift; path = AuthPage.swift; sourceTree = "<group>"; };
		4172F9882BBB191F00078515 /* GitAuthFunctions.swift */ = {isa = PBXFileReference; lastKnownFileType = sourcecode.swift; path = GitAuthFunctions.swift; sourceTree = "<group>"; };
		4172F98A2BBB192F00078515 /* GoogleAuthFunctions.swift */ = {isa = PBXFileReference; lastKnownFileType = sourcecode.swift; path = GoogleAuthFunctions.swift; sourceTree = "<group>"; };
		4172F98C2BBB193E00078515 /* RegisterFunctions.swift */ = {isa = PBXFileReference; lastKnownFileType = sourcecode.swift; path = RegisterFunctions.swift; sourceTree = "<group>"; };
		4172F98E2BBB194900078515 /* LoginFunctions.swift */ = {isa = PBXFileReference; lastKnownFileType = sourcecode.swift; path = LoginFunctions.swift; sourceTree = "<group>"; };
/* End PBXFileReference section */

/* Begin PBXFrameworksBuildPhase section */
		4172F94C2BBB189500078515 /* Frameworks */ = {
			isa = PBXFrameworksBuildPhase;
			buildActionMask = 2147483647;
			files = (
			);
			runOnlyForDeploymentPostprocessing = 0;
		};
		4172F9622BBB189800078515 /* Frameworks */ = {
			isa = PBXFrameworksBuildPhase;
			buildActionMask = 2147483647;
			files = (
			);
			runOnlyForDeploymentPostprocessing = 0;
		};
		4172F96C2BBB189800078515 /* Frameworks */ = {
			isa = PBXFrameworksBuildPhase;
			buildActionMask = 2147483647;
			files = (
			);
			runOnlyForDeploymentPostprocessing = 0;
		};
/* End PBXFrameworksBuildPhase section */

/* Begin PBXGroup section */
		4172F9462BBB189500078515 = {
			isa = PBXGroup;
			children = (
				4172F9512BBB189500078515 /* Toobo */,
				4172F9682BBB189800078515 /* TooboTests */,
				4172F9722BBB189800078515 /* TooboUITests */,
				4172F9502BBB189500078515 /* Products */,
			);
			sourceTree = "<group>";
		};
		4172F9502BBB189500078515 /* Products */ = {
			isa = PBXGroup;
			children = (
				4172F94F2BBB189500078515 /* Toobo.app */,
				4172F9652BBB189800078515 /* TooboTests.xctest */,
				4172F96F2BBB189800078515 /* TooboUITests.xctest */,
			);
			name = Products;
			sourceTree = "<group>";
		};
		4172F9512BBB189500078515 /* Toobo */ = {
			isa = PBXGroup;
			children = (
				4172F9832BBB18C900078515 /* Front */,
				4172F9822BBB18C200078515 /* Back */,
				4172F9522BBB189500078515 /* AppDelegate.swift */,
				4172F9542BBB189500078515 /* SceneDelegate.swift */,
				4172F9562BBB189500078515 /* ViewController.swift */,
				4172F9582BBB189500078515 /* Main.storyboard */,
				4172F95B2BBB189800078515 /* Assets.xcassets */,
				4172F95D2BBB189800078515 /* LaunchScreen.storyboard */,
				4172F9602BBB189800078515 /* Info.plist */,
			);
			path = Toobo;
			sourceTree = "<group>";
		};
		4172F9682BBB189800078515 /* TooboTests */ = {
			isa = PBXGroup;
			children = (
				4172F9692BBB189800078515 /* TooboTests.swift */,
			);
			path = TooboTests;
			sourceTree = "<group>";
		};
		4172F9722BBB189800078515 /* TooboUITests */ = {
			isa = PBXGroup;
			children = (
				4172F9732BBB189800078515 /* TooboUITests.swift */,
				4172F9752BBB189800078515 /* TooboUITestsLaunchTests.swift */,
			);
			path = TooboUITests;
			sourceTree = "<group>";
		};
		4172F9822BBB18C200078515 /* Back */ = {
			isa = PBXGroup;
			children = (
				4172F9872BBB190A00078515 /* AuthFunc */,
			);
			path = Back;
			sourceTree = "<group>";
		};
		4172F9832BBB18C900078515 /* Front */ = {
			isa = PBXGroup;
			children = (
				4172F9842BBB18D700078515 /* AuthPage */,
			);
			path = Front;
			sourceTree = "<group>";
		};
		4172F9842BBB18D700078515 /* AuthPage */ = {
			isa = PBXGroup;
			children = (
				4172F9852BBB18F400078515 /* AuthPage.swift */,
			);
			path = AuthPage;
			sourceTree = "<group>";
		};
		4172F9872BBB190A00078515 /* AuthFunc */ = {
			isa = PBXGroup;
			children = (
				4172F9882BBB191F00078515 /* GitAuthFunctions.swift */,
				4172F98A2BBB192F00078515 /* GoogleAuthFunctions.swift */,
				4172F98C2BBB193E00078515 /* RegisterFunctions.swift */,
				4172F98E2BBB194900078515 /* LoginFunctions.swift */,
			);
			path = AuthFunc;
			sourceTree = "<group>";
		};
/* End PBXGroup section */

/* Begin PBXNativeTarget section */
		4172F94E2BBB189500078515 /* Toobo */ = {
			isa = PBXNativeTarget;
			buildConfigurationList = 4172F9792BBB189800078515 /* Build configuration list for PBXNativeTarget "Toobo" */;
			buildPhases = (
				4172F94B2BBB189500078515 /* Sources */,
				4172F94C2BBB189500078515 /* Frameworks */,
				4172F94D2BBB189500078515 /* Resources */,
			);
			buildRules = (
			);
			dependencies = (
			);
			name = Toobo;
			productName = Toobo;
			productReference = 4172F94F2BBB189500078515 /* Toobo.app */;
			productType = "com.apple.product-type.application";
		};
		4172F9642BBB189800078515 /* TooboTests */ = {
			isa = PBXNativeTarget;
			buildConfigurationList = 4172F97C2BBB189800078515 /* Build configuration list for PBXNativeTarget "TooboTests" */;
			buildPhases = (
				4172F9612BBB189800078515 /* Sources */,
				4172F9622BBB189800078515 /* Frameworks */,
				4172F9632BBB189800078515 /* Resources */,
			);
			buildRules = (
			);
			dependencies = (
				4172F9672BBB189800078515 /* PBXTargetDependency */,
			);
			name = TooboTests;
			productName = TooboTests;
			productReference = 4172F9652BBB189800078515 /* TooboTests.xctest */;
			productType = "com.apple.product-type.bundle.unit-test";
		};
		4172F96E2BBB189800078515 /* TooboUITests */ = {
			isa = PBXNativeTarget;
			buildConfigurationList = 4172F97F2BBB189800078515 /* Build configuration list for PBXNativeTarget "TooboUITests" */;
			buildPhases = (
				4172F96B2BBB189800078515 /* Sources */,
				4172F96C2BBB189800078515 /* Frameworks */,
				4172F96D2BBB189800078515 /* Resources */,
			);
			buildRules = (
			);
			dependencies = (
				4172F9712BBB189800078515 /* PBXTargetDependency */,
			);
			name = TooboUITests;
			productName = TooboUITests;
			productReference = 4172F96F2BBB189800078515 /* TooboUITests.xctest */;
			productType = "com.apple.product-type.bundle.ui-testing";
		};
/* End PBXNativeTarget section */

/* Begin PBXProject section */
		4172F9472BBB189500078515 /* Project object */ = {
			isa = PBXProject;
			attributes = {
				BuildIndependentTargetsInParallel = 1;
				LastSwiftUpdateCheck = 1530;
				LastUpgradeCheck = 1530;
				TargetAttributes = {
					4172F94E2BBB189500078515 = {
						CreatedOnToolsVersion = 15.3;
					};
					4172F9642BBB189800078515 = {
						CreatedOnToolsVersion = 15.3;
						TestTargetID = 4172F94E2BBB189500078515;
					};
					4172F96E2BBB189800078515 = {
						CreatedOnToolsVersion = 15.3;
						TestTargetID = 4172F94E2BBB189500078515;
					};
				};
			};
			buildConfigurationList = 4172F94A2BBB189500078515 /* Build configuration list for PBXProject "Toobo" */;
			compatibilityVersion = "Xcode 14.0";
			developmentRegion = en;
			hasScannedForEncodings = 0;
			knownRegions = (
				en,
				Base,
			);
			mainGroup = 4172F9462BBB189500078515;
			productRefGroup = 4172F9502BBB189500078515 /* Products */;
			projectDirPath = "";
			projectRoot = "";
			targets = (
				4172F94E2BBB189500078515 /* Toobo */,
				4172F9642BBB189800078515 /* TooboTests */,
				4172F96E2BBB189800078515 /* TooboUITests */,
			);
		};
/* End PBXProject section */

/* Begin PBXResourcesBuildPhase section */
		4172F94D2BBB189500078515 /* Resources */ = {
			isa = PBXResourcesBuildPhase;
			buildActionMask = 2147483647;
			files = (
				4172F95C2BBB189800078515 /* Assets.xcassets in Resources */,
				4172F95F2BBB189800078515 /* Base in Resources */,
				4172F95A2BBB189500078515 /* Base in Resources */,
			);
			runOnlyForDeploymentPostprocessing = 0;
		};
		4172F9632BBB189800078515 /* Resources */ = {
			isa = PBXResourcesBuildPhase;
			buildActionMask = 2147483647;
			files = (
			);
			runOnlyForDeploymentPostprocessing = 0;
		};
		4172F96D2BBB189800078515 /* Resources */ = {
			isa = PBXResourcesBuildPhase;
			buildActionMask = 2147483647;
			files = (
			);
			runOnlyForDeploymentPostprocessing = 0;
		};
/* End PBXResourcesBuildPhase section */

/* Begin PBXSourcesBuildPhase section */
		4172F94B2BBB189500078515 /* Sources */ = {
			isa = PBXSourcesBuildPhase;
			buildActionMask = 2147483647;
			files = (
				4172F9892BBB191F00078515 /* GitAuthFunctions.swift in Sources */,
				4172F98F2BBB194900078515 /* LoginFunctions.swift in Sources */,
				4172F9862BBB18F400078515 /* AuthPage.swift in Sources */,
				4172F98B2BBB192F00078515 /* GoogleAuthFunctions.swift in Sources */,
				4172F9572BBB189500078515 /* ViewController.swift in Sources */,
				4172F98D2BBB193E00078515 /* RegisterFunctions.swift in Sources */,
				4172F9532BBB189500078515 /* AppDelegate.swift in Sources */,
				4172F9552BBB189500078515 /* SceneDelegate.swift in Sources */,
			);
			runOnlyForDeploymentPostprocessing = 0;
		};
		4172F9612BBB189800078515 /* Sources */ = {
			isa = PBXSourcesBuildPhase;
			buildActionMask = 2147483647;
			files = (
				4172F96A2BBB189800078515 /* TooboTests.swift in Sources */,
			);
			runOnlyForDeploymentPostprocessing = 0;
		};
		4172F96B2BBB189800078515 /* Sources */ = {
			isa = PBXSourcesBuildPhase;
			buildActionMask = 2147483647;
			files = (
				4172F9762BBB189800078515 /* TooboUITestsLaunchTests.swift in Sources */,
				4172F9742BBB189800078515 /* TooboUITests.swift in Sources */,
			);
			runOnlyForDeploymentPostprocessing = 0;
		};
/* End PBXSourcesBuildPhase section */

/* Begin PBXTargetDependency section */
		4172F9672BBB189800078515 /* PBXTargetDependency */ = {
			isa = PBXTargetDependency;
			target = 4172F94E2BBB189500078515 /* Toobo */;
			targetProxy = 4172F9662BBB189800078515 /* PBXContainerItemProxy */;
		};
		4172F9712BBB189800078515 /* PBXTargetDependency */ = {
			isa = PBXTargetDependency;
			target = 4172F94E2BBB189500078515 /* Toobo */;
			targetProxy = 4172F9702BBB189800078515 /* PBXContainerItemProxy */;
		};
/* End PBXTargetDependency section */

/* Begin PBXVariantGroup section */
		4172F9582BBB189500078515 /* Main.storyboard */ = {
			isa = PBXVariantGroup;
			children = (
				4172F9592BBB189500078515 /* Base */,
			);
			name = Main.storyboard;
			sourceTree = "<group>";
		};
		4172F95D2BBB189800078515 /* LaunchScreen.storyboard */ = {
			isa = PBXVariantGroup;
			children = (
				4172F95E2BBB189800078515 /* Base */,
			);
			name = LaunchScreen.storyboard;
			sourceTree = "<group>";
		};
/* End PBXVariantGroup section */

/* Begin XCBuildConfiguration section */
		4172F9772BBB189800078515 /* Debug */ = {
			isa = XCBuildConfiguration;
			buildSettings = {
				ALWAYS_SEARCH_USER_PATHS = NO;
				ASSETCATALOG_COMPILER_GENERATE_SWIFT_ASSET_SYMBOL_EXTENSIONS = YES;
				CLANG_ANALYZER_NONNULL = YES;
				CLANG_ANALYZER_NUMBER_OBJECT_CONVERSION = YES_AGGRESSIVE;
				CLANG_CXX_LANGUAGE_STANDARD = "gnu++20";
				CLANG_ENABLE_MODULES = YES;
				CLANG_ENABLE_OBJC_ARC = YES;
				CLANG_ENABLE_OBJC_WEAK = YES;
				CLANG_WARN_BLOCK_CAPTURE_AUTORELEASING = YES;
				CLANG_WARN_BOOL_CONVERSION = YES;
				CLANG_WARN_COMMA = YES;
				CLANG_WARN_CONSTANT_CONVERSION = YES;
				CLANG_WARN_DEPRECATED_OBJC_IMPLEMENTATIONS = YES;
				CLANG_WARN_DIRECT_OBJC_ISA_USAGE = YES_ERROR;
				CLANG_WARN_DOCUMENTATION_COMMENTS = YES;
				CLANG_WARN_EMPTY_BODY = YES;
				CLANG_WARN_ENUM_CONVERSION = YES;
				CLANG_WARN_INFINITE_RECURSION = YES;
				CLANG_WARN_INT_CONVERSION = YES;
				CLANG_WARN_NON_LITERAL_NULL_CONVERSION = YES;
				CLANG_WARN_OBJC_IMPLICIT_RETAIN_SELF = YES;
				CLANG_WARN_OBJC_LITERAL_CONVERSION = YES;
				CLANG_WARN_OBJC_ROOT_CLASS = YES_ERROR;
				CLANG_WARN_QUOTED_INCLUDE_IN_FRAMEWORK_HEADER = YES;
				CLANG_WARN_RANGE_LOOP_ANALYSIS = YES;
				CLANG_WARN_STRICT_PROTOTYPES = YES;
				CLANG_WARN_SUSPICIOUS_MOVE = YES;
				CLANG_WARN_UNGUARDED_AVAILABILITY = YES_AGGRESSIVE;
				CLANG_WARN_UNREACHABLE_CODE = YES;
				CLANG_WARN__DUPLICATE_METHOD_MATCH = YES;
				COPY_PHASE_STRIP = NO;
				DEBUG_INFORMATION_FORMAT = dwarf;
				ENABLE_STRICT_OBJC_MSGSEND = YES;
				ENABLE_TESTABILITY = YES;
				ENABLE_USER_SCRIPT_SANDBOXING = YES;
				GCC_C_LANGUAGE_STANDARD = gnu17;
				GCC_DYNAMIC_NO_PIC = NO;
				GCC_NO_COMMON_BLOCKS = YES;
				GCC_OPTIMIZATION_LEVEL = 0;
				GCC_PREPROCESSOR_DEFINITIONS = (
					"DEBUG=1",
					"$(inherited)",
				);
				GCC_WARN_64_TO_32_BIT_CONVERSION = YES;
				GCC_WARN_ABOUT_RETURN_TYPE = YES_ERROR;
				GCC_WARN_UNDECLARED_SELECTOR = YES;
				GCC_WARN_UNINITIALIZED_AUTOS = YES_AGGRESSIVE;
				GCC_WARN_UNUSED_FUNCTION = YES;
				GCC_WARN_UNUSED_VARIABLE = YES;
				IPHONEOS_DEPLOYMENT_TARGET = 17.4;
				LOCALIZATION_PREFERS_STRING_CATALOGS = YES;
				MTL_ENABLE_DEBUG_INFO = INCLUDE_SOURCE;
				MTL_FAST_MATH = YES;
				ONLY_ACTIVE_ARCH = YES;
				SDKROOT = iphoneos;
				SWIFT_ACTIVE_COMPILATION_CONDITIONS = "DEBUG $(inherited)";
				SWIFT_OPTIMIZATION_LEVEL = "-Onone";
			};
			name = Debug;
		};
		4172F9782BBB189800078515 /* Release */ = {
			isa = XCBuildConfiguration;
			buildSettings = {
				ALWAYS_SEARCH_USER_PATHS = NO;
				ASSETCATALOG_COMPILER_GENERATE_SWIFT_ASSET_SYMBOL_EXTENSIONS = YES;
				CLANG_ANALYZER_NONNULL = YES;
				CLANG_ANALYZER_NUMBER_OBJECT_CONVERSION = YES_AGGRESSIVE;
				CLANG_CXX_LANGUAGE_STANDARD = "gnu++20";
				CLANG_ENABLE_MODULES = YES;
				CLANG_ENABLE_OBJC_ARC = YES;
				CLANG_ENABLE_OBJC_WEAK = YES;
				CLANG_WARN_BLOCK_CAPTURE_AUTORELEASING = YES;
				CLANG_WARN_BOOL_CONVERSION = YES;
				CLANG_WARN_COMMA = YES;
				CLANG_WARN_CONSTANT_CONVERSION = YES;
				CLANG_WARN_DEPRECATED_OBJC_IMPLEMENTATIONS = YES;
				CLANG_WARN_DIRECT_OBJC_ISA_USAGE = YES_ERROR;
				CLANG_WARN_DOCUMENTATION_COMMENTS = YES;
				CLANG_WARN_EMPTY_BODY = YES;
				CLANG_WARN_ENUM_CONVERSION = YES;
				CLANG_WARN_INFINITE_RECURSION = YES;
				CLANG_WARN_INT_CONVERSION = YES;
				CLANG_WARN_NON_LITERAL_NULL_CONVERSION = YES;
				CLANG_WARN_OBJC_IMPLICIT_RETAIN_SELF = YES;
				CLANG_WARN_OBJC_LITERAL_CONVERSION = YES;
				CLANG_WARN_OBJC_ROOT_CLASS = YES_ERROR;
				CLANG_WARN_QUOTED_INCLUDE_IN_FRAMEWORK_HEADER = YES;
				CLANG_WARN_RANGE_LOOP_ANALYSIS = YES;
				CLANG_WARN_STRICT_PROTOTYPES = YES;
				CLANG_WARN_SUSPICIOUS_MOVE = YES;
				CLANG_WARN_UNGUARDED_AVAILABILITY = YES_AGGRESSIVE;
				CLANG_WARN_UNREACHABLE_CODE = YES;
				CLANG_WARN__DUPLICATE_METHOD_MATCH = YES;
				COPY_PHASE_STRIP = NO;
				DEBUG_INFORMATION_FORMAT = "dwarf-with-dsym";
				ENABLE_NS_ASSERTIONS = NO;
				ENABLE_STRICT_OBJC_MSGSEND = YES;
				ENABLE_USER_SCRIPT_SANDBOXING = YES;
				GCC_C_LANGUAGE_STANDARD = gnu17;
				GCC_NO_COMMON_BLOCKS = YES;
				GCC_WARN_64_TO_32_BIT_CONVERSION = YES;
				GCC_WARN_ABOUT_RETURN_TYPE = YES_ERROR;
				GCC_WARN_UNDECLARED_SELECTOR = YES;
				GCC_WARN_UNINITIALIZED_AUTOS = YES_AGGRESSIVE;
				GCC_WARN_UNUSED_FUNCTION = YES;
				GCC_WARN_UNUSED_VARIABLE = YES;
				IPHONEOS_DEPLOYMENT_TARGET = 17.4;
				LOCALIZATION_PREFERS_STRING_CATALOGS = YES;
				MTL_ENABLE_DEBUG_INFO = NO;
				MTL_FAST_MATH = YES;
				SDKROOT = iphoneos;
				SWIFT_COMPILATION_MODE = wholemodule;
				VALIDATE_PRODUCT = YES;
			};
			name = Release;
		};
		4172F97A2BBB189800078515 /* Debug */ = {
			isa = XCBuildConfiguration;
			buildSettings = {
				ASSETCATALOG_COMPILER_APPICON_NAME = AppIcon;
				ASSETCATALOG_COMPILER_GLOBAL_ACCENT_COLOR_NAME = AccentColor;
				CODE_SIGN_STYLE = Automatic;
				CURRENT_PROJECT_VERSION = 1;
				GENERATE_INFOPLIST_FILE = YES;
				INFOPLIST_FILE = Toobo/Info.plist;
				INFOPLIST_KEY_UIApplicationSupportsIndirectInputEvents = YES;
				INFOPLIST_KEY_UILaunchStoryboardName = LaunchScreen;
				INFOPLIST_KEY_UIMainStoryboardFile = Main;
				INFOPLIST_KEY_UISupportedInterfaceOrientations_iPad = "UIInterfaceOrientationPortrait UIInterfaceOrientationPortraitUpsideDown UIInterfaceOrientationLandscapeLeft UIInterfaceOrientationLandscapeRight";
				INFOPLIST_KEY_UISupportedInterfaceOrientations_iPhone = "UIInterfaceOrientationPortrait UIInterfaceOrientationLandscapeLeft UIInterfaceOrientationLandscapeRight";
				LD_RUNPATH_SEARCH_PATHS = (
					"$(inherited)",
					"@executable_path/Frameworks",
				);
				MARKETING_VERSION = 1.0;
				PRODUCT_BUNDLE_IDENTIFIER = Toobo.Toobo;
				PRODUCT_NAME = "$(TARGET_NAME)";
				SWIFT_EMIT_LOC_STRINGS = YES;
				SWIFT_VERSION = 5.0;
				TARGETED_DEVICE_FAMILY = "1,2";
			};
			name = Debug;
		};
		4172F97B2BBB189800078515 /* Release */ = {
			isa = XCBuildConfiguration;
			buildSettings = {
				ASSETCATALOG_COMPILER_APPICON_NAME = AppIcon;
				ASSETCATALOG_COMPILER_GLOBAL_ACCENT_COLOR_NAME = AccentColor;
				CODE_SIGN_STYLE = Automatic;
				CURRENT_PROJECT_VERSION = 1;
				GENERATE_INFOPLIST_FILE = YES;
				INFOPLIST_FILE = Toobo/Info.plist;
				INFOPLIST_KEY_UIApplicationSupportsIndirectInputEvents = YES;
				INFOPLIST_KEY_UILaunchStoryboardName = LaunchScreen;
				INFOPLIST_KEY_UIMainStoryboardFile = Main;
				INFOPLIST_KEY_UISupportedInterfaceOrientations_iPad = "UIInterfaceOrientationPortrait UIInterfaceOrientationPortraitUpsideDown UIInterfaceOrientationLandscapeLeft UIInterfaceOrientationLandscapeRight";
				INFOPLIST_KEY_UISupportedInterfaceOrientations_iPhone = "UIInterfaceOrientationPortrait UIInterfaceOrientationLandscapeLeft UIInterfaceOrientationLandscapeRight";
				LD_RUNPATH_SEARCH_PATHS = (
					"$(inherited)",
					"@executable_path/Frameworks",
				);
				MARKETING_VERSION = 1.0;
				PRODUCT_BUNDLE_IDENTIFIER = Toobo.Toobo;
				PRODUCT_NAME = "$(TARGET_NAME)";
				SWIFT_EMIT_LOC_STRINGS = YES;
				SWIFT_VERSION = 5.0;
				TARGETED_DEVICE_FAMILY = "1,2";
			};
			name = Release;
		};
		4172F97D2BBB189800078515 /* Debug */ = {
			isa = XCBuildConfiguration;
			buildSettings = {
				ALWAYS_EMBED_SWIFT_STANDARD_LIBRARIES = YES;
				BUNDLE_LOADER = "$(TEST_HOST)";
				CODE_SIGN_STYLE = Automatic;
				CURRENT_PROJECT_VERSION = 1;
				GENERATE_INFOPLIST_FILE = YES;
				IPHONEOS_DEPLOYMENT_TARGET = 17.4;
				MARKETING_VERSION = 1.0;
				PRODUCT_BUNDLE_IDENTIFIER = Toobo.TooboTests;
				PRODUCT_NAME = "$(TARGET_NAME)";
				SWIFT_EMIT_LOC_STRINGS = NO;
				SWIFT_VERSION = 5.0;
				TARGETED_DEVICE_FAMILY = "1,2";
				TEST_HOST = "$(BUILT_PRODUCTS_DIR)/Toobo.app/$(BUNDLE_EXECUTABLE_FOLDER_PATH)/Toobo";
			};
			name = Debug;
		};
		4172F97E2BBB189800078515 /* Release */ = {
			isa = XCBuildConfiguration;
			buildSettings = {
				ALWAYS_EMBED_SWIFT_STANDARD_LIBRARIES = YES;
				BUNDLE_LOADER = "$(TEST_HOST)";
				CODE_SIGN_STYLE = Automatic;
				CURRENT_PROJECT_VERSION = 1;
				GENERATE_INFOPLIST_FILE = YES;
				IPHONEOS_DEPLOYMENT_TARGET = 17.4;
				MARKETING_VERSION = 1.0;
				PRODUCT_BUNDLE_IDENTIFIER = Toobo.TooboTests;
				PRODUCT_NAME = "$(TARGET_NAME)";
				SWIFT_EMIT_LOC_STRINGS = NO;
				SWIFT_VERSION = 5.0;
				TARGETED_DEVICE_FAMILY = "1,2";
				TEST_HOST = "$(BUILT_PRODUCTS_DIR)/Toobo.app/$(BUNDLE_EXECUTABLE_FOLDER_PATH)/Toobo";
			};
			name = Release;
		};
		4172F9802BBB189800078515 /* Debug */ = {
			isa = XCBuildConfiguration;
			buildSettings = {
				ALWAYS_EMBED_SWIFT_STANDARD_LIBRARIES = YES;
				CODE_SIGN_STYLE = Automatic;
				CURRENT_PROJECT_VERSION = 1;
				GENERATE_INFOPLIST_FILE = YES;
				MARKETING_VERSION = 1.0;
				PRODUCT_BUNDLE_IDENTIFIER = Toobo.TooboUITests;
				PRODUCT_NAME = "$(TARGET_NAME)";
				SWIFT_EMIT_LOC_STRINGS = NO;
				SWIFT_VERSION = 5.0;
				TARGETED_DEVICE_FAMILY = "1,2";
				TEST_TARGET_NAME = Toobo;
			};
			name = Debug;
		};
		4172F9812BBB189800078515 /* Release */ = {
			isa = XCBuildConfiguration;
			buildSettings = {
				ALWAYS_EMBED_SWIFT_STANDARD_LIBRARIES = YES;
				CODE_SIGN_STYLE = Automatic;
				CURRENT_PROJECT_VERSION = 1;
				GENERATE_INFOPLIST_FILE = YES;
				MARKETING_VERSION = 1.0;
				PRODUCT_BUNDLE_IDENTIFIER = Toobo.TooboUITests;
				PRODUCT_NAME = "$(TARGET_NAME)";
				SWIFT_EMIT_LOC_STRINGS = NO;
				SWIFT_VERSION = 5.0;
				TARGETED_DEVICE_FAMILY = "1,2";
				TEST_TARGET_NAME = Toobo;
			};
			name = Release;
		};
/* End XCBuildConfiguration section */

/* Begin XCConfigurationList section */
		4172F94A2BBB189500078515 /* Build configuration list for PBXProject "Toobo" */ = {
			isa = XCConfigurationList;
			buildConfigurations = (
				4172F9772BBB189800078515 /* Debug */,
				4172F9782BBB189800078515 /* Release */,
			);
			defaultConfigurationIsVisible = 0;
			defaultConfigurationName = Release;
		};
		4172F9792BBB189800078515 /* Build configuration list for PBXNativeTarget "Toobo" */ = {
			isa = XCConfigurationList;
			buildConfigurations = (
				4172F97A2BBB189800078515 /* Debug */,
				4172F97B2BBB189800078515 /* Release */,
			);
			defaultConfigurationIsVisible = 0;
			defaultConfigurationName = Release;
		};
		4172F97C2BBB189800078515 /* Build configuration list for PBXNativeTarget "TooboTests" */ = {
			isa = XCConfigurationList;
			buildConfigurations = (
				4172F97D2BBB189800078515 /* Debug */,
				4172F97E2BBB189800078515 /* Release */,
			);
			defaultConfigurationIsVisible = 0;
			defaultConfigurationName = Release;
		};
		4172F97F2BBB189800078515 /* Build configuration list for PBXNativeTarget "TooboUITests" */ = {
			isa = XCConfigurationList;
			buildConfigurations = (
				4172F9802BBB189800078515 /* Debug */,
				4172F9812BBB189800078515 /* Release */,
			);
			defaultConfigurationIsVisible = 0;
			defaultConfigurationName = Release;
		};
/* End XCConfigurationList section */
	};
	rootObject = 4172F9472BBB189500078515 /* Project object */;
}
